
Microsoft Visual Studio Solution File, Format Version 12.00
# Visual Studio Version 16
VisualStudioVersion = 16.0.29418.71
MinimumVisualStudioVersion = 10.0.40219.1
Project("{FAE04EC0-301F-11D3-BF4B-00C04F79EFBC}") = "PersonDBTest", "PersonDBTest\PersonDBTest.csproj", "{78AFECAF-7EF0-4C4B-9558-DEFB2BBBC7F6}"
EndProject
Global
	GlobalSection(SolutionConfigurationPlatforms) = preSolution
		Debug|Any CPU = Debug|Any CPU
		Release|Any CPU = Release|Any CPU
	EndGlobalSection
	GlobalSection(ProjectConfigurationPlatforms) = postSolution
		{78AFECAF-7EF0-4C4B-9558-DEFB2BBBC7F6}.Debug|Any CPU.ActiveCfg = Debug|Any CPU
		{78AFECAF-7EF0-4C4B-9558-DEFB2BBBC7F6}.Debug|Any CPU.Build.0 = Debug|Any CPU
		{78AFECAF-7EF0-4C4B-9558-DEFB2BBBC7F6}.Release|Any CPU.ActiveCfg = Release|Any CPU
		{78AFECAF-7EF0-4C4B-9558-DEFB2BBBC7F6}.Release|Any CPU.Build.0 = Release|Any CPU
	EndGlobalSection
	GlobalSection(SolutionProperties) = preSolution
		HideSolutionNode = FALSE
	EndGlobalSection
	GlobalSection(ExtensibilityGlobals) = postSolution
		SolutionGuid = {78EA4DF8-BCB5-4F18-BFEE-561D0389AB79}
	EndGlobalSection
EndGlobal
